
Microsoft Visual Studio Solution File, Format Version 12.00
# Visual Studio 15
VisualStudioVersion = 15.0.28307.136
MinimumVisualStudioVersion = 10.0.40219.1
Project("{FAE04EC0-301F-11D3-BF4B-00C04F79EFBC}") = "Variant_1_Näide", "Variant_1_Näide\Variant_1_Näide.csproj", "{252AA1AA-D475-4002-BE46-D364838051DF}"
EndProject
Global
	GlobalSection(SolutionConfigurationPlatforms) = preSolution
		Debug|Any CPU = Debug|Any CPU
		Release|Any CPU = Release|Any CPU
	EndGlobalSection
	GlobalSection(ProjectConfigurationPlatforms) = postSolution
		{252AA1AA-D475-4002-BE46-D364838051DF}.Debug|Any CPU.ActiveCfg = Debug|Any CPU
		{252AA1AA-D475-4002-BE46-D364838051DF}.Debug|Any CPU.Build.0 = Debug|Any CPU
		{252AA1AA-D475-4002-BE46-D364838051DF}.Release|Any CPU.ActiveCfg = Release|Any CPU
		{252AA1AA-D475-4002-BE46-D364838051DF}.Release|Any CPU.Build.0 = Release|Any CPU
	EndGlobalSection
	GlobalSection(SolutionProperties) = preSolution
		HideSolutionNode = FALSE
	EndGlobalSection
	GlobalSection(ExtensibilityGlobals) = postSolution
		SolutionGuid = {ED7E50DC-2FFD-45EE-8346-85C9B4A75126}
	EndGlobalSection
EndGlobal
